
Microsoft Visual Studio Solution File, Format Version 12.00
# Visual Studio Version 16
VisualStudioVersion = 16.0.29230.47
MinimumVisualStudioVersion = 10.0.40219.1
Project("{FAE04EC0-301F-11D3-BF4B-00C04F79EFBC}") = "Common", "Common\Common.csproj", "{4F80AA77-E6CD-49C9-9576-EA6EA38EBAC1}"
EndProject
Project("{FAE04EC0-301F-11D3-BF4B-00C04F79EFBC}") = "CommonXUnitTest", "CommonXUnitTest\CommonXUnitTest.csproj", "{F4F359CA-CAFC-4D3D-A8F0-2D897710EC62}"
EndProject
Global
	GlobalSection(SolutionConfigurationPlatforms) = preSolution
		Debug|Any CPU = Debug|Any CPU
		Release|Any CPU = Release|Any CPU
	EndGlobalSection
	GlobalSection(ProjectConfigurationPlatforms) = postSolution
		{4F80AA77-E6CD-49C9-9576-EA6EA38EBAC1}.Debug|Any CPU.ActiveCfg = Debug|Any CPU
		{4F80AA77-E6CD-49C9-9576-EA6EA38EBAC1}.Debug|Any CPU.Build.0 = Debug|Any CPU
		{4F80AA77-E6CD-49C9-9576-EA6EA38EBAC1}.Release|Any CPU.ActiveCfg = Release|Any CPU
		{4F80AA77-E6CD-49C9-9576-EA6EA38EBAC1}.Release|Any CPU.Build.0 = Release|Any CPU
		{F4F359CA-CAFC-4D3D-A8F0-2D897710EC62}.Debug|Any CPU.ActiveCfg = Debug|Any CPU
		{F4F359CA-CAFC-4D3D-A8F0-2D897710EC62}.Debug|Any CPU.Build.0 = Debug|Any CPU
		{F4F359CA-CAFC-4D3D-A8F0-2D897710EC62}.Release|Any CPU.ActiveCfg = Release|Any CPU
		{F4F359CA-CAFC-4D3D-A8F0-2D897710EC62}.Release|Any CPU.Build.0 = Release|Any CPU
	EndGlobalSection
	GlobalSection(SolutionProperties) = preSolution
		HideSolutionNode = FALSE
	EndGlobalSection
	GlobalSection(ExtensibilityGlobals) = postSolution
		SolutionGuid = {925EE923-DFEE-43D9-88AD-02348C01E679}
	EndGlobalSection
EndGlobal
